// !$*UTF8*$!
{
	archiveVersion = 1;
	classes = {
	};
	objectVersion = 46;
	objects = {

/* Begin PBXBuildFile section */
		3819A3E9A861C0085EE963CA /* Pods_FBCA2017.framework in Frameworks */ = {isa = PBXBuildFile; fileRef = 27A4442F38DEABD993B736AF /* Pods_FBCA2017.framework */; };
		E81DCE461F4FBE5B000B92E1 /* AppDelegate.swift in Sources */ = {isa = PBXBuildFile; fileRef = E81DCE451F4FBE5B000B92E1 /* AppDelegate.swift */; };
		E81DCE4B1F4FBE5B000B92E1 /* Main.storyboard in Resources */ = {isa = PBXBuildFile; fileRef = E81DCE491F4FBE5B000B92E1 /* Main.storyboard */; };
		E81DCE4D1F4FBE5B000B92E1 /* Assets.xcassets in Resources */ = {isa = PBXBuildFile; fileRef = E81DCE4C1F4FBE5B000B92E1 /* Assets.xcassets */; };
		E81DCE501F4FBE5B000B92E1 /* LaunchScreen.storyboard in Resources */ = {isa = PBXBuildFile; fileRef = E81DCE4E1F4FBE5B000B92E1 /* LaunchScreen.storyboard */; };
		E81DCE581F4FBE87000B92E1 /* Credentials.swift in Sources */ = {isa = PBXBuildFile; fileRef = E81DCE571F4FBE87000B92E1 /* Credentials.swift */; };
		E84C70581F51B82900C051AC /* Globals.swift in Sources */ = {isa = PBXBuildFile; fileRef = E84C70571F51B82900C051AC /* Globals.swift */; };
		E8DF137B1F51316E00F9B121 /* My Documents.swift in Sources */ = {isa = PBXBuildFile; fileRef = E8DF137A1F51316E00F9B121 /* My Documents.swift */; };
		E8DF137D1F51342500F9B121 /* Common.swift in Sources */ = {isa = PBXBuildFile; fileRef = E8DF137C1F51342500F9B121 /* Common.swift */; };
		E8DF137F1F514B7100F9B121 /* Submit Document.swift in Sources */ = {isa = PBXBuildFile; fileRef = E8DF137E1F514B7100F9B121 /* Submit Document.swift */; };
		E8DF13811F517B1100F9B121 /* Login.swift in Sources */ = {isa = PBXBuildFile; fileRef = E8DF13801F517B1100F9B121 /* Login.swift */; };
		E8DF13831F51824200F9B121 /* My Profile.swift in Sources */ = {isa = PBXBuildFile; fileRef = E8DF13821F51824200F9B121 /* My Profile.swift */; };
/* End PBXBuildFile section */

/* Begin PBXFileReference section */
		1D6CFE6CB3F54ED8CBC862BA /* Pods-FBCA2017.debug.xcconfig */ = {isa = PBXFileReference; includeInIndex = 1; lastKnownFileType = text.xcconfig; name = "Pods-FBCA2017.debug.xcconfig"; path = "Pods/Target Support Files/Pods-FBCA2017/Pods-FBCA2017.debug.xcconfig"; sourceTree = "<group>"; };
		27A4442F38DEABD993B736AF /* Pods_FBCA2017.framework */ = {isa = PBXFileReference; explicitFileType = wrapper.framework; includeInIndex = 0; path = Pods_FBCA2017.framework; sourceTree = BUILT_PRODUCTS_DIR; };
		8A0526785F6BE10E471D0049 /* Pods-FBCA2017.release.xcconfig */ = {isa = PBXFileReference; includeInIndex = 1; lastKnownFileType = text.xcconfig; name = "Pods-FBCA2017.release.xcconfig"; path = "Pods/Target Support Files/Pods-FBCA2017/Pods-FBCA2017.release.xcconfig"; sourceTree = "<group>"; };
		E81DCE421F4FBE5B000B92E1 /* FBCA2017.app */ = {isa = PBXFileReference; explicitFileType = wrapper.application; includeInIndex = 0; path = FBCA2017.app; sourceTree = BUILT_PRODUCTS_DIR; };
		E81DCE451F4FBE5B000B92E1 /* AppDelegate.swift */ = {isa = PBXFileReference; lastKnownFileType = sourcecode.swift; path = AppDelegate.swift; sourceTree = "<group>"; };
		E81DCE4A1F4FBE5B000B92E1 /* Base */ = {isa = PBXFileReference; lastKnownFileType = file.storyboard; name = Base; path = Base.lproj/Main.storyboard; sourceTree = "<group>"; };
		E81DCE4C1F4FBE5B000B92E1 /* Assets.xcassets */ = {isa = PBXFileReference; lastKnownFileType = folder.assetcatalog; path = Assets.xcassets; sourceTree = "<group>"; };
		E81DCE4F1F4FBE5B000B92E1 /* Base */ = {isa = PBXFileReference; lastKnownFileType = file.storyboard; name = Base; path = Base.lproj/LaunchScreen.storyboard; sourceTree = "<group>"; };
		E81DCE511F4FBE5B000B92E1 /* Info.plist */ = {isa = PBXFileReference; lastKnownFileType = text.plist.xml; path = Info.plist; sourceTree = "<group>"; };
		E81DCE571F4FBE87000B92E1 /* Credentials.swift */ = {isa = PBXFileReference; fileEncoding = 4; lastKnownFileType = sourcecode.swift; path = Credentials.swift; sourceTree = "<group>"; };
		E81DCE591F4FBF10000B92E1 /* Taman Kanak Kanak.playground */ = {isa = PBXFileReference; lastKnownFileType = file.playground; path = "Taman Kanak Kanak.playground"; sourceTree = "<group>"; };
		E84C70571F51B82900C051AC /* Globals.swift */ = {isa = PBXFileReference; fileEncoding = 4; lastKnownFileType = sourcecode.swift; path = Globals.swift; sourceTree = "<group>"; };
		E8DF137A1F51316E00F9B121 /* My Documents.swift */ = {isa = PBXFileReference; fileEncoding = 4; lastKnownFileType = sourcecode.swift; path = "My Documents.swift"; sourceTree = "<group>"; };
		E8DF137C1F51342500F9B121 /* Common.swift */ = {isa = PBXFileReference; fileEncoding = 4; lastKnownFileType = sourcecode.swift; path = Common.swift; sourceTree = "<group>"; };
		E8DF137E1F514B7100F9B121 /* Submit Document.swift */ = {isa = PBXFileReference; fileEncoding = 4; lastKnownFileType = sourcecode.swift; path = "Submit Document.swift"; sourceTree = "<group>"; };
		E8DF13801F517B1100F9B121 /* Login.swift */ = {isa = PBXFileReference; fileEncoding = 4; lastKnownFileType = sourcecode.swift; path = Login.swift; sourceTree = "<group>"; };
		E8DF13821F51824200F9B121 /* My Profile.swift */ = {isa = PBXFileReference; fileEncoding = 4; lastKnownFileType = sourcecode.swift; path = "My Profile.swift"; sourceTree = "<group>"; };
/* End PBXFileReference section */

/* Begin PBXFrameworksBuildPhase section */
		E81DCE3F1F4FBE5B000B92E1 /* Frameworks */ = {
			isa = PBXFrameworksBuildPhase;
			buildActionMask = 2147483647;
			files = (
				3819A3E9A861C0085EE963CA /* Pods_FBCA2017.framework in Frameworks */,
			);
			runOnlyForDeploymentPostprocessing = 0;
		};
/* End PBXFrameworksBuildPhase section */

/* Begin PBXGroup section */
		38FCBF83401E56526BC2596B /* Frameworks */ = {
			isa = PBXGroup;
			children = (
				27A4442F38DEABD993B736AF /* Pods_FBCA2017.framework */,
			);
			name = Frameworks;
			sourceTree = "<group>";
		};
		58CBAD97D0D644841B2B6D2D /* Pods */ = {
			isa = PBXGroup;
			children = (
				1D6CFE6CB3F54ED8CBC862BA /* Pods-FBCA2017.debug.xcconfig */,
				8A0526785F6BE10E471D0049 /* Pods-FBCA2017.release.xcconfig */,
			);
			name = Pods;
			sourceTree = "<group>";
		};
		E81DCE391F4FBE5B000B92E1 = {
			isa = PBXGroup;
			children = (
				E81DCE441F4FBE5B000B92E1 /* FBCA2017 */,
				E81DCE431F4FBE5B000B92E1 /* Products */,
				58CBAD97D0D644841B2B6D2D /* Pods */,
				38FCBF83401E56526BC2596B /* Frameworks */,
			);
			sourceTree = "<group>";
		};
		E81DCE431F4FBE5B000B92E1 /* Products */ = {
			isa = PBXGroup;
			children = (
				E81DCE421F4FBE5B000B92E1 /* FBCA2017.app */,
			);
			name = Products;
			sourceTree = "<group>";
		};
		E81DCE441F4FBE5B000B92E1 /* FBCA2017 */ = {
			isa = PBXGroup;
			children = (
				E8DF13771F51310900F9B121 /* Scene */,
				E81DCE451F4FBE5B000B92E1 /* AppDelegate.swift */,
				E81DCE491F4FBE5B000B92E1 /* Main.storyboard */,
				E81DCE4C1F4FBE5B000B92E1 /* Assets.xcassets */,
				E81DCE4E1F4FBE5B000B92E1 /* LaunchScreen.storyboard */,
				E81DCE511F4FBE5B000B92E1 /* Info.plist */,
				E81DCE571F4FBE87000B92E1 /* Credentials.swift */,
				E81DCE591F4FBF10000B92E1 /* Taman Kanak Kanak.playground */,
				E8DF137C1F51342500F9B121 /* Common.swift */,
			);
			path = FBCA2017;
			sourceTree = "<group>";
		};
		E8DF13771F51310900F9B121 /* Scene */ = {
			isa = PBXGroup;
			children = (
				E8DF13801F517B1100F9B121 /* Login.swift */,
				E8DF137A1F51316E00F9B121 /* My Documents.swift */,
				E8DF137E1F514B7100F9B121 /* Submit Document.swift */,
				E8DF13821F51824200F9B121 /* My Profile.swift */,
				E84C70571F51B82900C051AC /* Globals.swift */,
			);
			name = Scene;
			sourceTree = "<group>";
		};
/* End PBXGroup section */

/* Begin PBXNativeTarget section */
		E81DCE411F4FBE5B000B92E1 /* FBCA2017 */ = {
			isa = PBXNativeTarget;
			buildConfigurationList = E81DCE541F4FBE5B000B92E1 /* Build configuration list for PBXNativeTarget "FBCA2017" */;
			buildPhases = (
				18D4C5DF455516EF3B32DBB7 /* [CP] Check Pods Manifest.lock */,
				E81DCE3E1F4FBE5B000B92E1 /* Sources */,
				E81DCE3F1F4FBE5B000B92E1 /* Frameworks */,
				E81DCE401F4FBE5B000B92E1 /* Resources */,
				80CBEC1387D012E7E0B58D2D /* [CP] Embed Pods Frameworks */,
				337437300E52CBFBA6B39607 /* [CP] Copy Pods Resources */,
			);
			buildRules = (
			);
			dependencies = (
			);
			name = FBCA2017;
			productName = FBCA2017;
			productReference = E81DCE421F4FBE5B000B92E1 /* FBCA2017.app */;
			productType = "com.apple.product-type.application";
		};
/* End PBXNativeTarget section */

/* Begin PBXProject section */
		E81DCE3A1F4FBE5B000B92E1 /* Project object */ = {
			isa = PBXProject;
			attributes = {
				LastSwiftUpdateCheck = 0830;
				LastUpgradeCheck = 0830;
				ORGANIZATIONNAME = "Yada Yada";
				TargetAttributes = {
					E81DCE411F4FBE5B000B92E1 = {
						CreatedOnToolsVersion = 8.3.3;
						DevelopmentTeam = K2DPUDSBTN;
						ProvisioningStyle = Automatic;
					};
				};
			};
			buildConfigurationList = E81DCE3D1F4FBE5B000B92E1 /* Build configuration list for PBXProject "FBCA2017" */;
			compatibilityVersion = "Xcode 3.2";
			developmentRegion = English;
			hasScannedForEncodings = 0;
			knownRegions = (
				en,
				Base,
			);
			mainGroup = E81DCE391F4FBE5B000B92E1;
			productRefGroup = E81DCE431F4FBE5B000B92E1 /* Products */;
			projectDirPath = "";
			projectRoot = "";
			targets = (
				E81DCE411F4FBE5B000B92E1 /* FBCA2017 */,
			);
		};
/* End PBXProject section */

/* Begin PBXResourcesBuildPhase section */
		E81DCE401F4FBE5B000B92E1 /* Resources */ = {
			isa = PBXResourcesBuildPhase;
			buildActionMask = 2147483647;
			files = (
				E81DCE501F4FBE5B000B92E1 /* LaunchScreen.storyboard in Resources */,
				E81DCE4D1F4FBE5B000B92E1 /* Assets.xcassets in Resources */,
				E81DCE4B1F4FBE5B000B92E1 /* Main.storyboard in Resources */,
			);
			runOnlyForDeploymentPostprocessing = 0;
		};
/* End PBXResourcesBuildPhase section */

/* Begin PBXShellScriptBuildPhase section */
		18D4C5DF455516EF3B32DBB7 /* [CP] Check Pods Manifest.lock */ = {
			isa = PBXShellScriptBuildPhase;
			buildActionMask = 2147483647;
			files = (
			);
			inputPaths = (
			);
			name = "[CP] Check Pods Manifest.lock";
			outputPaths = (
			);
			runOnlyForDeploymentPostprocessing = 0;
			shellPath = /bin/sh;
			shellScript = "diff \"${PODS_ROOT}/../Podfile.lock\" \"${PODS_ROOT}/Manifest.lock\" > /dev/null\nif [ $? != 0 ] ; then\n    # print error to STDERR\n    echo \"error: The sandbox is not in sync with the Podfile.lock. Run 'pod install' or update your CocoaPods installation.\" >&2\n    exit 1\nfi\n";
			showEnvVarsInLog = 0;
		};
		337437300E52CBFBA6B39607 /* [CP] Copy Pods Resources */ = {
			isa = PBXShellScriptBuildPhase;
			buildActionMask = 2147483647;
			files = (
			);
			inputPaths = (
			);
			name = "[CP] Copy Pods Resources";
			outputPaths = (
			);
			runOnlyForDeploymentPostprocessing = 0;
			shellPath = /bin/sh;
			shellScript = "\"${SRCROOT}/Pods/Target Support Files/Pods-FBCA2017/Pods-FBCA2017-resources.sh\"\n";
			showEnvVarsInLog = 0;
		};
		80CBEC1387D012E7E0B58D2D /* [CP] Embed Pods Frameworks */ = {
			isa = PBXShellScriptBuildPhase;
			buildActionMask = 2147483647;
			files = (
			);
			inputPaths = (
			);
			name = "[CP] Embed Pods Frameworks";
			outputPaths = (
			);
			runOnlyForDeploymentPostprocessing = 0;
			shellPath = /bin/sh;
			shellScript = "\"${SRCROOT}/Pods/Target Support Files/Pods-FBCA2017/Pods-FBCA2017-frameworks.sh\"\n";
			showEnvVarsInLog = 0;
		};
/* End PBXShellScriptBuildPhase section */

/* Begin PBXSourcesBuildPhase section */
		E81DCE3E1F4FBE5B000B92E1 /* Sources */ = {
			isa = PBXSourcesBuildPhase;
			buildActionMask = 2147483647;
			files = (
				E8DF137D1F51342500F9B121 /* Common.swift in Sources */,
				E8DF13831F51824200F9B121 /* My Profile.swift in Sources */,
				E81DCE581F4FBE87000B92E1 /* Credentials.swift in Sources */,
				E81DCE461F4FBE5B000B92E1 /* AppDelegate.swift in Sources */,
				E84C70581F51B82900C051AC /* Globals.swift in Sources */,
				E8DF13811F517B1100F9B121 /* Login.swift in Sources */,
				E8DF137B1F51316E00F9B121 /* My Documents.swift in Sources */,
				E8DF137F1F514B7100F9B121 /* Submit Document.swift in Sources */,
			);
			runOnlyForDeploymentPostprocessing = 0;
		};
/* End PBXSourcesBuildPhase section */

/* Begin PBXVariantGroup section */
		E81DCE491F4FBE5B000B92E1 /* Main.storyboard */ = {
			isa = PBXVariantGroup;
			children = (
				E81DCE4A1F4FBE5B000B92E1 /* Base */,
			);
			name = Main.storyboard;
			sourceTree = "<group>";
		};
		E81DCE4E1F4FBE5B000B92E1 /* LaunchScreen.storyboard */ = {
			isa = PBXVariantGroup;
			children = (
				E81DCE4F1F4FBE5B000B92E1 /* Base */,
			);
			name = LaunchScreen.storyboard;
			sourceTree = "<group>";
		};
/* End PBXVariantGroup section */

/* Begin XCBuildConfiguration section */
		E81DCE521F4FBE5B000B92E1 /* Debug */ = {
			isa = XCBuildConfiguration;
			buildSettings = {
				ALWAYS_SEARCH_USER_PATHS = NO;
				CLANG_ANALYZER_NONNULL = YES;
				CLANG_ANALYZER_NUMBER_OBJECT_CONVERSION = YES_AGGRESSIVE;
				CLANG_CXX_LANGUAGE_STANDARD = "gnu++0x";
				CLANG_CXX_LIBRARY = "libc++";
				CLANG_ENABLE_MODULES = YES;
				CLANG_ENABLE_OBJC_ARC = YES;
				CLANG_WARN_BOOL_CONVERSION = YES;
				CLANG_WARN_CONSTANT_CONVERSION = YES;
				CLANG_WARN_DIRECT_OBJC_ISA_USAGE = YES_ERROR;
				CLANG_WARN_DOCUMENTATION_COMMENTS = YES;
				CLANG_WARN_EMPTY_BODY = YES;
				CLANG_WARN_ENUM_CONVERSION = YES;
				CLANG_WARN_INFINITE_RECURSION = YES;
				CLANG_WARN_INT_CONVERSION = YES;
				CLANG_WARN_OBJC_ROOT_CLASS = YES_ERROR;
				CLANG_WARN_SUSPICIOUS_MOVE = YES;
				CLANG_WARN_UNREACHABLE_CODE = YES;
				CLANG_WARN__DUPLICATE_METHOD_MATCH = YES;
				"CODE_SIGN_IDENTITY[sdk=iphoneos*]" = "iPhone Developer";
				COPY_PHASE_STRIP = NO;
				DEBUG_INFORMATION_FORMAT = dwarf;
				ENABLE_STRICT_OBJC_MSGSEND = YES;
				ENABLE_TESTABILITY = YES;
				GCC_C_LANGUAGE_STANDARD = gnu99;
				GCC_DYNAMIC_NO_PIC = NO;
				GCC_NO_COMMON_BLOCKS = YES;
				GCC_OPTIMIZATION_LEVEL = 0;
				GCC_PREPROCESSOR_DEFINITIONS = (
					"DEBUG=1",
					"$(inherited)",
				);
				GCC_WARN_64_TO_32_BIT_CONVERSION = YES;
				GCC_WARN_ABOUT_RETURN_TYPE = YES_ERROR;
				GCC_WARN_UNDECLARED_SELECTOR = YES;
				GCC_WARN_UNINITIALIZED_AUTOS = YES_AGGRESSIVE;
				GCC_WARN_UNUSED_FUNCTION = YES;
				GCC_WARN_UNUSED_VARIABLE = YES;
				IPHONEOS_DEPLOYMENT_TARGET = 10.3;
				MTL_ENABLE_DEBUG_INFO = YES;
				ONLY_ACTIVE_ARCH = YES;
				SDKROOT = iphoneos;
				SWIFT_ACTIVE_COMPILATION_CONDITIONS = DEBUG;
				SWIFT_OPTIMIZATION_LEVEL = "-Onone";
			};
			name = Debug;
		};
		E81DCE531F4FBE5B000B92E1 /* Release */ = {
			isa = XCBuildConfiguration;
			buildSettings = {
				ALWAYS_SEARCH_USER_PATHS = NO;
				CLANG_ANALYZER_NONNULL = YES;
				CLANG_ANALYZER_NUMBER_OBJECT_CONVERSION = YES_AGGRESSIVE;
				CLANG_CXX_LANGUAGE_STANDARD = "gnu++0x";
				CLANG_CXX_LIBRARY = "libc++";
				CLANG_ENABLE_MODULES = YES;
				CLANG_ENABLE_OBJC_ARC = YES;
				CLANG_WARN_BOOL_CONVERSION = YES;
				CLANG_WARN_CONSTANT_CONVERSION = YES;
				CLANG_WARN_DIRECT_OBJC_ISA_USAGE = YES_ERROR;
				CLANG_WARN_DOCUMENTATION_COMMENTS = YES;
				CLANG_WARN_EMPTY_BODY = YES;
				CLANG_WARN_ENUM_CONVERSION = YES;
				CLANG_WARN_INFINITE_RECURSION = YES;
				CLANG_WARN_INT_CONVERSION = YES;
				CLANG_WARN_OBJC_ROOT_CLASS = YES_ERROR;
				CLANG_WARN_SUSPICIOUS_MOVE = YES;
				CLANG_WARN_UNREACHABLE_CODE = YES;
				CLANG_WARN__DUPLICATE_METHOD_MATCH = YES;
				"CODE_SIGN_IDENTITY[sdk=iphoneos*]" = "iPhone Developer";
				COPY_PHASE_STRIP = NO;
				DEBUG_INFORMATION_FORMAT = "dwarf-with-dsym";
				ENABLE_NS_ASSERTIONS = NO;
				ENABLE_STRICT_OBJC_MSGSEND = YES;
				GCC_C_LANGUAGE_STANDARD = gnu99;
				GCC_NO_COMMON_BLOCKS = YES;
				GCC_WARN_64_TO_32_BIT_CONVERSION = YES;
				GCC_WARN_ABOUT_RETURN_TYPE = YES_ERROR;
				GCC_WARN_UNDECLARED_SELECTOR = YES;
				GCC_WARN_UNINITIALIZED_AUTOS = YES_AGGRESSIVE;
				GCC_WARN_UNUSED_FUNCTION = YES;
				GCC_WARN_UNUSED_VARIABLE = YES;
				IPHONEOS_DEPLOYMENT_TARGET = 10.3;
				MTL_ENABLE_DEBUG_INFO = NO;
				SDKROOT = iphoneos;
				SWIFT_OPTIMIZATION_LEVEL = "-Owholemodule";
				VALIDATE_PRODUCT = YES;
			};
			name = Release;
		};
		E81DCE551F4FBE5B000B92E1 /* Debug */ = {
			isa = XCBuildConfiguration;
			baseConfigurationReference = 1D6CFE6CB3F54ED8CBC862BA /* Pods-FBCA2017.debug.xcconfig */;
			buildSettings = {
				ASSETCATALOG_COMPILER_APPICON_NAME = AppIcon;
				DEVELOPMENT_TEAM = K2DPUDSBTN;
				INFOPLIST_FILE = FBCA2017/Info.plist;
				IPHONEOS_DEPLOYMENT_TARGET = 10.0;
				LD_RUNPATH_SEARCH_PATHS = "$(inherited) @executable_path/Frameworks";
				PRODUCT_BUNDLE_IDENTIFIER = "yada-yada.FBCA2017";
				PRODUCT_NAME = "$(TARGET_NAME)";
				SWIFT_VERSION = 3.0;
			};
			name = Debug;
		};
		E81DCE561F4FBE5B000B92E1 /* Release */ = {
			isa = XCBuildConfiguration;
			baseConfigurationReference = 8A0526785F6BE10E471D0049 /* Pods-FBCA2017.release.xcconfig */;
			buildSettings = {
				ASSETCATALOG_COMPILER_APPICON_NAME = AppIcon;
				DEVELOPMENT_TEAM = K2DPUDSBTN;
				INFOPLIST_FILE = FBCA2017/Info.plist;
				IPHONEOS_DEPLOYMENT_TARGET = 10.0;
				LD_RUNPATH_SEARCH_PATHS = "$(inherited) @executable_path/Frameworks";
				PRODUCT_BUNDLE_IDENTIFIER = "yada-yada.FBCA2017";
				PRODUCT_NAME = "$(TARGET_NAME)";
				SWIFT_VERSION = 3.0;
			};
			name = Release;
		};
/* End XCBuildConfiguration section */

/* Begin XCConfigurationList section */
		E81DCE3D1F4FBE5B000B92E1 /* Build configuration list for PBXProject "FBCA2017" */ = {
			isa = XCConfigurationList;
			buildConfigurations = (
				E81DCE521F4FBE5B000B92E1 /* Debug */,
				E81DCE531F4FBE5B000B92E1 /* Release */,
			);
			defaultConfigurationIsVisible = 0;
			defaultConfigurationName = Release;
		};
		E81DCE541F4FBE5B000B92E1 /* Build configuration list for PBXNativeTarget "FBCA2017" */ = {
			isa = XCConfigurationList;
			buildConfigurations = (
				E81DCE551F4FBE5B000B92E1 /* Debug */,
				E81DCE561F4FBE5B000B92E1 /* Release */,
			);
			defaultConfigurationIsVisible = 0;
			defaultConfigurationName = Release;
		};
/* End XCConfigurationList section */
	};
	rootObject = E81DCE3A1F4FBE5B000B92E1 /* Project object */;
}
